
Microsoft Visual Studio Solution File, Format Version 12.00
# Visual Studio Version 17
VisualStudioVersion = 17.1.32421.90
MinimumVisualStudioVersion = 10.0.40219.1
Project("{2150E333-8FDC-42A3-9474-1A3956D46DE8}") = "src", "src", "{36523EDD-BC69-4F51-B3CA-9364AC42C877}"
EndProject
Project("{2150E333-8FDC-42A3-9474-1A3956D46DE8}") = "API", "API", "{2BD28336-5CFF-484B-A2A1-CD4CED6D12EC}"
EndProject
Project("{2150E333-8FDC-42A3-9474-1A3956D46DE8}") = "Core", "Core", "{7AFF49A6-6478-4D11-9EC6-25997F2A1382}"
EndProject
Project("{2150E333-8FDC-42A3-9474-1A3956D46DE8}") = "Infrastructure", "Infrastructure", "{508D5262-16CF-411F-88EA-18825AF72915}"
EndProject
Project("{FAE04EC0-301F-11D3-BF4B-00C04F79EFBC}") = "PsicopataPedidos.OrdersManagement.Persistence", "PsicopataPedidos.OrdersManagement.Persistence\PsicopataPedidos.OrdersManagement.Persistence.csproj", "{AA1D5152-7072-413D-8C1F-B5F4836B2C26}"
EndProject
Project("{FAE04EC0-301F-11D3-BF4B-00C04F79EFBC}") = "PsicopataPedidos.OrdersManagement.Domain", "PsicopataPedidos.OrdersManagement.Domain\PsicopataPedidos.OrdersManagement.Domain.csproj", "{15733EF8-C4B5-41DD-AD43-3197CE8FE287}"
EndProject
Project("{FAE04EC0-301F-11D3-BF4B-00C04F79EFBC}") = "PsicopataPedidos.OrdersManagement.Application", "PsicopataPedidos.OrdersManagement.Application\PsicopataPedidos.OrdersManagement.Application.csproj", "{9A68A92F-EEB0-4C9F-A975-29353024448C}"
EndProject
Project("{FAE04EC0-301F-11D3-BF4B-00C04F79EFBC}") = "PsicopataPedidos.OrdersManagement.Api", "PsicopataPedidos.OrdersManagement.Api\PsicopataPedidos.OrdersManagement.Api.csproj", "{41764EA4-AA51-43C9-8DC3-0CFD2FA4F2CA}"
EndProject
Global
	GlobalSection(SolutionConfigurationPlatforms) = preSolution
		Debug|Any CPU = Debug|Any CPU
		Release|Any CPU = Release|Any CPU
	EndGlobalSection
	GlobalSection(ProjectConfigurationPlatforms) = postSolution
		{AA1D5152-7072-413D-8C1F-B5F4836B2C26}.Debug|Any CPU.ActiveCfg = Debug|Any CPU
		{AA1D5152-7072-413D-8C1F-B5F4836B2C26}.Debug|Any CPU.Build.0 = Debug|Any CPU
		{AA1D5152-7072-413D-8C1F-B5F4836B2C26}.Release|Any CPU.ActiveCfg = Release|Any CPU
		{AA1D5152-7072-413D-8C1F-B5F4836B2C26}.Release|Any CPU.Build.0 = Release|Any CPU
		{15733EF8-C4B5-41DD-AD43-3197CE8FE287}.Debug|Any CPU.ActiveCfg = Debug|Any CPU
		{15733EF8-C4B5-41DD-AD43-3197CE8FE287}.Debug|Any CPU.Build.0 = Debug|Any CPU
		{15733EF8-C4B5-41DD-AD43-3197CE8FE287}.Release|Any CPU.ActiveCfg = Release|Any CPU
		{15733EF8-C4B5-41DD-AD43-3197CE8FE287}.Release|Any CPU.Build.0 = Release|Any CPU
		{9A68A92F-EEB0-4C9F-A975-29353024448C}.Debug|Any CPU.ActiveCfg = Debug|Any CPU
		{9A68A92F-EEB0-4C9F-A975-29353024448C}.Debug|Any CPU.Build.0 = Debug|Any CPU
		{9A68A92F-EEB0-4C9F-A975-29353024448C}.Release|Any CPU.ActiveCfg = Release|Any CPU
		{9A68A92F-EEB0-4C9F-A975-29353024448C}.Release|Any CPU.Build.0 = Release|Any CPU
		{41764EA4-AA51-43C9-8DC3-0CFD2FA4F2CA}.Debug|Any CPU.ActiveCfg = Debug|Any CPU
		{41764EA4-AA51-43C9-8DC3-0CFD2FA4F2CA}.Debug|Any CPU.Build.0 = Debug|Any CPU
		{41764EA4-AA51-43C9-8DC3-0CFD2FA4F2CA}.Release|Any CPU.ActiveCfg = Release|Any CPU
		{41764EA4-AA51-43C9-8DC3-0CFD2FA4F2CA}.Release|Any CPU.Build.0 = Release|Any CPU
	EndGlobalSection
	GlobalSection(SolutionProperties) = preSolution
		HideSolutionNode = FALSE
	EndGlobalSection
	GlobalSection(NestedProjects) = preSolution
		{2BD28336-5CFF-484B-A2A1-CD4CED6D12EC} = {36523EDD-BC69-4F51-B3CA-9364AC42C877}
		{7AFF49A6-6478-4D11-9EC6-25997F2A1382} = {36523EDD-BC69-4F51-B3CA-9364AC42C877}
		{508D5262-16CF-411F-88EA-18825AF72915} = {36523EDD-BC69-4F51-B3CA-9364AC42C877}
		{AA1D5152-7072-413D-8C1F-B5F4836B2C26} = {508D5262-16CF-411F-88EA-18825AF72915}
		{15733EF8-C4B5-41DD-AD43-3197CE8FE287} = {7AFF49A6-6478-4D11-9EC6-25997F2A1382}
		{9A68A92F-EEB0-4C9F-A975-29353024448C} = {7AFF49A6-6478-4D11-9EC6-25997F2A1382}
		{41764EA4-AA51-43C9-8DC3-0CFD2FA4F2CA} = {2BD28336-5CFF-484B-A2A1-CD4CED6D12EC}
	EndGlobalSection
	GlobalSection(ExtensibilityGlobals) = postSolution
		SolutionGuid = {779FE29C-F1FE-4723-ACE9-82525255227D}
	EndGlobalSection
EndGlobal
